
Microsoft Visual Studio Solution File, Format Version 12.00
# Visual Studio Version 17
VisualStudioVersion = 17.10.35013.160
MinimumVisualStudioVersion = 10.0.40219.1
Project("{FAE04EC0-301F-11D3-BF4B-00C04F79EFBC}") = "Calculator", "Calculator\Calculator.csproj", "{728AD652-E48E-4242-87B3-C89948FCD8DD}"
EndProject
Global
	GlobalSection(SolutionConfigurationPlatforms) = preSolution
		Debug|Any CPU = Debug|Any CPU
		Release|Any CPU = Release|Any CPU
	EndGlobalSection
	GlobalSection(ProjectConfigurationPlatforms) = postSolution
		{728AD652-E48E-4242-87B3-C89948FCD8DD}.Debug|Any CPU.ActiveCfg = Debug|Any CPU
		{728AD652-E48E-4242-87B3-C89948FCD8DD}.Debug|Any CPU.Build.0 = Debug|Any CPU
		{728AD652-E48E-4242-87B3-C89948FCD8DD}.Release|Any CPU.ActiveCfg = Release|Any CPU
		{728AD652-E48E-4242-87B3-C89948FCD8DD}.Release|Any CPU.Build.0 = Release|Any CPU
	EndGlobalSection
	GlobalSection(SolutionProperties) = preSolution
		HideSolutionNode = FALSE
	EndGlobalSection
	GlobalSection(ExtensibilityGlobals) = postSolution
		SolutionGuid = {FD11086C-BBCC-4725-A33B-FAEDAD8ED0CA}
	EndGlobalSection
EndGlobal
